
Microsoft Visual Studio Solution File, Format Version 12.00
Project("{FAE04EC0-301F-11D3-BF4B-00C04F79EFBC}") = "Rallyhub.Api", "Rallyhub.Api\Rallyhub.Api.csproj", "{CDEC29EA-345B-4570-8862-713A10DC07AB}"
EndProject
Project("{FAE04EC0-301F-11D3-BF4B-00C04F79EFBC}") = "Rallyhub.Repository", "Rallyhub.Repository\Rallyhub.Repository.csproj", "{DA8EC3CB-4288-45CC-B7C5-3857AA9D7D51}"
EndProject
Project("{FAE04EC0-301F-11D3-BF4B-00C04F79EFBC}") = "Rallyhub.Service", "Rallyhub.Service\Rallyhub.Service.csproj", "{98847EFA-40B9-4A79-9C0F-91579DB31702}"
EndProject
Global
	GlobalSection(SolutionConfigurationPlatforms) = preSolution
		Debug|Any CPU = Debug|Any CPU
		Release|Any CPU = Release|Any CPU
	EndGlobalSection
	GlobalSection(ProjectConfigurationPlatforms) = postSolution
		{CDEC29EA-345B-4570-8862-713A10DC07AB}.Debug|Any CPU.ActiveCfg = Debug|Any CPU
		{CDEC29EA-345B-4570-8862-713A10DC07AB}.Debug|Any CPU.Build.0 = Debug|Any CPU
		{CDEC29EA-345B-4570-8862-713A10DC07AB}.Release|Any CPU.ActiveCfg = Release|Any CPU
		{CDEC29EA-345B-4570-8862-713A10DC07AB}.Release|Any CPU.Build.0 = Release|Any CPU
		{DA8EC3CB-4288-45CC-B7C5-3857AA9D7D51}.Debug|Any CPU.ActiveCfg = Debug|Any CPU
		{DA8EC3CB-4288-45CC-B7C5-3857AA9D7D51}.Debug|Any CPU.Build.0 = Debug|Any CPU
		{DA8EC3CB-4288-45CC-B7C5-3857AA9D7D51}.Release|Any CPU.ActiveCfg = Release|Any CPU
		{DA8EC3CB-4288-45CC-B7C5-3857AA9D7D51}.Release|Any CPU.Build.0 = Release|Any CPU
		{98847EFA-40B9-4A79-9C0F-91579DB31702}.Debug|Any CPU.ActiveCfg = Debug|Any CPU
		{98847EFA-40B9-4A79-9C0F-91579DB31702}.Debug|Any CPU.Build.0 = Debug|Any CPU
		{98847EFA-40B9-4A79-9C0F-91579DB31702}.Release|Any CPU.ActiveCfg = Release|Any CPU
		{98847EFA-40B9-4A79-9C0F-91579DB31702}.Release|Any CPU.Build.0 = Release|Any CPU
	EndGlobalSection
EndGlobal
